<?xml version="1.0" encoding="utf-8"?>
<Project ToolsVersion="17.0" xmlns="http://schemas.microsoft.com/developer/msbuild/2003">
  <ItemGroup>
    <ClCompile Include="C:\Users\c0011935\OneDrive - Newcastle University\MASTERS\Group Leth\PS5\PS5Core\CMakeFiles\PS5Core.dir\cmake_pch.hxx.cxx">
      <Filter>Source Files</Filter>
    </ClCompile>
    <ClCompile Include="C:\Users\c0011935\OneDrive - Newcastle University\MASTERS\Group Leth\PS5\PS5Core\AGCBuffer.cpp">
      <Filter>Source Files</Filter>
    </ClCompile>
    <ClCompile Include="C:\Users\c0011935\OneDrive - Newcastle University\MASTERS\Group Leth\PS5\PS5Core\AGCMesh.cpp">
      <Filter>Source Files</Filter>
    </ClCompile>
    <ClCompile Include="C:\Users\c0011935\OneDrive - Newcastle University\MASTERS\Group Leth\PS5\PS5Core\AGCShader.cpp">
      <Filter>Source Files</Filter>
    </ClCompile>
    <ClCompile Include="C:\Users\c0011935\OneDrive - Newcastle University\MASTERS\Group Leth\PS5\PS5Core\AGCTexture.cpp">
      <Filter>Source Files</Filter>
    </ClCompile>
    <ClCompile Include="C:\Users\c0011935\OneDrive - Newcastle University\MASTERS\Group Leth\PS5\PS5Core\AGCRenderer.cpp">
      <Filter>Source Files</Filter>
    </ClCompile>
    <ClCompile Include="C:\Users\c0011935\OneDrive - Newcastle University\MASTERS\Group Leth\PS5\PS5Core\PS5Window.cpp">
      <Filter>Source Files</Filter>
    </ClCompile>
    <ClCompile Include="C:\Users\c0011935\OneDrive - Newcastle University\MASTERS\Group Leth\PS5\PS5Core\PS5MemoryAllocator.cpp">
      <Filter>Source Files</Filter>
    </ClCompile>
    <ClCompile Include="C:\Users\c0011935\OneDrive - Newcastle University\MASTERS\Group Leth\PS5\PS5Core\PS5Controller.cpp">
      <Filter>Source Files</Filter>
    </ClCompile>
  </ItemGroup>
  <ItemGroup>
    <ClInclude Include="C:\Users\c0011935\OneDrive - Newcastle University\MASTERS\Group Leth\PS5\PS5Core\AGCBuffer.h">
      <Filter>Header Files</Filter>
    </ClInclude>
    <ClInclude Include="C:\Users\c0011935\OneDrive - Newcastle University\MASTERS\Group Leth\PS5\PS5Core\AGCMesh.h">
      <Filter>Header Files</Filter>
    </ClInclude>
    <ClInclude Include="C:\Users\c0011935\OneDrive - Newcastle University\MASTERS\Group Leth\PS5\PS5Core\AGCShader.h">
      <Filter>Header Files</Filter>
    </ClInclude>
    <ClInclude Include="C:\Users\c0011935\OneDrive - Newcastle University\MASTERS\Group Leth\PS5\PS5Core\AGCTexture.h">
      <Filter>Header Files</Filter>
    </ClInclude>
    <ClInclude Include="C:\Users\c0011935\OneDrive - Newcastle University\MASTERS\Group Leth\PS5\PS5Core\AGCRenderer.h">
      <Filter>Header Files</Filter>
    </ClInclude>
    <ClInclude Include="C:\Users\c0011935\OneDrive - Newcastle University\MASTERS\Group Leth\PS5\PS5Core\PS5Window.h">
      <Filter>Header Files</Filter>
    </ClInclude>
    <ClInclude Include="C:\Users\c0011935\OneDrive - Newcastle University\MASTERS\Group Leth\PS5\PS5Core\PS5MemoryAllocator.h">
      <Filter>Header Files</Filter>
    </ClInclude>
    <ClInclude Include="C:\Users\c0011935\OneDrive - Newcastle University\MASTERS\Group Leth\PS5\PS5Core\PS5Controller.h">
      <Filter>Header Files</Filter>
    </ClInclude>
    <ClInclude Include="C:\Users\c0011935\OneDrive - Newcastle University\MASTERS\Group Leth\PS5\PS5Core\CMakeFiles\PS5Core.dir\Debug\cmake_pch.hxx">
      <Filter>Precompile Header File</Filter>
    </ClInclude>
    <ClInclude Include="C:\Users\c0011935\OneDrive - Newcastle University\MASTERS\Group Leth\PS5\PS5Core\CMakeFiles\PS5Core.dir\Release\cmake_pch.hxx">
      <Filter>Precompile Header File</Filter>
    </ClInclude>
    <ClInclude Include="C:\Users\c0011935\OneDrive - Newcastle University\MASTERS\Group Leth\PS5\PS5Core\CMakeFiles\PS5Core.dir\MinSizeRel\cmake_pch.hxx">
      <Filter>Precompile Header File</Filter>
    </ClInclude>
    <ClInclude Include="C:\Users\c0011935\OneDrive - Newcastle University\MASTERS\Group Leth\PS5\PS5Core\CMakeFiles\PS5Core.dir\RelWithDebInfo\cmake_pch.hxx">
      <Filter>Precompile Header File</Filter>
    </ClInclude>
  </ItemGroup>
  <ItemGroup>
    <CustomBuild Include="C:\Users\c0011935\OneDrive - Newcastle University\MASTERS\Group Leth\PS5\PS5Core\CMakeLists.txt" />
  </ItemGroup>
  <ItemGroup>
    <Filter Include="Header Files">
      <UniqueIdentifier>{F12218EC-9F57-3743-B99E-F14B78487950}</UniqueIdentifier>
    </Filter>
    <Filter Include="Precompile Header File">
      <UniqueIdentifier>{43BAE8BF-26B0-3E68-A52C-F962B0C9C405}</UniqueIdentifier>
    </Filter>
    <Filter Include="Source Files">
      <UniqueIdentifier>{621742AB-EB97-3B8C-8A15-9AED7F78FD54}</UniqueIdentifier>
    </Filter>
  </ItemGroup>
</Project>
