<?xml version="1.0" encoding="utf-8"?>
<Project ToolsVersion="17.0" xmlns="http://schemas.microsoft.com/developer/msbuild/2003">
  <ItemGroup>
    <CustomBuild Include="C:\Users\c0011935\OneDrive - Newcastle University\MASTERS\Group Leth\PS5\CMakeFiles\cf1fa53dd8be5403106fbd4accb04cc4\generate.stamp.rule">
      <Filter>CMake Rules</Filter>
    </CustomBuild>
  </ItemGroup>
  <ItemGroup>
    <Filter Include="CMake Rules">
      <UniqueIdentifier>{95C2DE6D-86AF-3771-9ED7-8C3A7F80A222}</UniqueIdentifier>
    </Filter>
  </ItemGroup>
</Project>
