
Microsoft Visual Studio Solution File, Format Version 12.00
# Visual Studio Version 17
Project("{2150E333-8FDC-42A3-9474-1A3956D46DE8}") = "CMakePredefinedTargets", "CMakePredefinedTargets", "{A431EA71-9CA8-36CF-AA1A-1AA64FD3269D}"
EndProject
Project("{8BC9CEB8-8B4A-11D0-8D11-00A0C91BC942}") = "ALL_BUILD", "ALL_BUILD.vcxproj", "{890CB31F-BFF6-3716-8AA5-F801C3144A07}"
	ProjectSection(ProjectDependencies) = postProject
		{2E078856-F835-345B-816E-E449670A384F} = {2E078856-F835-345B-816E-E449670A384F}
		{9385672F-0F4F-3039-ACD0-D8B5EBF9BB1A} = {9385672F-0F4F-3039-ACD0-D8B5EBF9BB1A}
	EndProjectSection
EndProject
Project("{8BC9CEB8-8B4A-11D0-8D11-00A0C91BC942}") = "AudioEngine", "AudioEngine.vcxproj", "{2E078856-F835-345B-816E-E449670A384F}"
	ProjectSection(ProjectDependencies) = postProject
		{90D7C0C8-BC2B-34DC-BA78-8744FD550EF4} = {90D7C0C8-BC2B-34DC-BA78-8744FD550EF4}
		{51F1BEF9-85E5-3500-B8CF-F088E731F006} = {51F1BEF9-85E5-3500-B8CF-F088E731F006}
		{9385672F-0F4F-3039-ACD0-D8B5EBF9BB1A} = {9385672F-0F4F-3039-ACD0-D8B5EBF9BB1A}
	EndProjectSection
EndProject
Project("{8BC9CEB8-8B4A-11D0-8D11-00A0C91BC942}") = "CSC8508CoreClasses", "..\CSC8508CoreClasses\CSC8508CoreClasses.vcxproj", "{90D7C0C8-BC2B-34DC-BA78-8744FD550EF4}"
	ProjectSection(ProjectDependencies) = postProject
		{9385672F-0F4F-3039-ACD0-D8B5EBF9BB1A} = {9385672F-0F4F-3039-ACD0-D8B5EBF9BB1A}
	EndProjectSection
EndProject
Project("{8BC9CEB8-8B4A-11D0-8D11-00A0C91BC942}") = "NCLCoreClasses", "..\NCLCoreClasses\NCLCoreClasses.vcxproj", "{51F1BEF9-85E5-3500-B8CF-F088E731F006}"
	ProjectSection(ProjectDependencies) = postProject
		{9385672F-0F4F-3039-ACD0-D8B5EBF9BB1A} = {9385672F-0F4F-3039-ACD0-D8B5EBF9BB1A}
	EndProjectSection
EndProject
Project("{8BC9CEB8-8B4A-11D0-8D11-00A0C91BC942}") = "ZERO_CHECK", "..\\ZERO_CHECK.vcxproj", "{9385672F-0F4F-3039-ACD0-D8B5EBF9BB1A}"
	ProjectSection(ProjectDependencies) = postProject
	EndProjectSection
EndProject
Global
	GlobalSection(SolutionConfigurationPlatforms) = preSolution
		Debug|x64 = Debug|x64
		Release|x64 = Release|x64
	EndGlobalSection
	GlobalSection(ProjectConfigurationPlatforms) = postSolution
		{890CB31F-BFF6-3716-8AA5-F801C3144A07}.Debug|x64.ActiveCfg = Debug|x64
		{890CB31F-BFF6-3716-8AA5-F801C3144A07}.Release|x64.ActiveCfg = Release|x64
		{2E078856-F835-345B-816E-E449670A384F}.Debug|x64.ActiveCfg = Debug|x64
		{2E078856-F835-345B-816E-E449670A384F}.Debug|x64.Build.0 = Debug|x64
		{2E078856-F835-345B-816E-E449670A384F}.Release|x64.ActiveCfg = Release|x64
		{2E078856-F835-345B-816E-E449670A384F}.Release|x64.Build.0 = Release|x64
		{90D7C0C8-BC2B-34DC-BA78-8744FD550EF4}.Debug|x64.ActiveCfg = Debug|x64
		{90D7C0C8-BC2B-34DC-BA78-8744FD550EF4}.Debug|x64.Build.0 = Debug|x64
		{90D7C0C8-BC2B-34DC-BA78-8744FD550EF4}.Release|x64.ActiveCfg = Release|x64
		{90D7C0C8-BC2B-34DC-BA78-8744FD550EF4}.Release|x64.Build.0 = Release|x64
		{51F1BEF9-85E5-3500-B8CF-F088E731F006}.Debug|x64.ActiveCfg = Debug|x64
		{51F1BEF9-85E5-3500-B8CF-F088E731F006}.Debug|x64.Build.0 = Debug|x64
		{51F1BEF9-85E5-3500-B8CF-F088E731F006}.Release|x64.ActiveCfg = Release|x64
		{51F1BEF9-85E5-3500-B8CF-F088E731F006}.Release|x64.Build.0 = Release|x64
		{9385672F-0F4F-3039-ACD0-D8B5EBF9BB1A}.Debug|x64.ActiveCfg = Debug|x64
		{9385672F-0F4F-3039-ACD0-D8B5EBF9BB1A}.Debug|x64.Build.0 = Debug|x64
		{9385672F-0F4F-3039-ACD0-D8B5EBF9BB1A}.Release|x64.ActiveCfg = Release|x64
		{9385672F-0F4F-3039-ACD0-D8B5EBF9BB1A}.Release|x64.Build.0 = Release|x64
	EndGlobalSection
	GlobalSection(NestedProjects) = preSolution
		{890CB31F-BFF6-3716-8AA5-F801C3144A07} = {A431EA71-9CA8-36CF-AA1A-1AA64FD3269D}
		{9385672F-0F4F-3039-ACD0-D8B5EBF9BB1A} = {A431EA71-9CA8-36CF-AA1A-1AA64FD3269D}
	EndGlobalSection
	GlobalSection(ExtensibilityGlobals) = postSolution
		SolutionGuid = {6BF40A3A-CA0E-399A-B886-DA384F3B0385}
	EndGlobalSection
	GlobalSection(ExtensibilityAddIns) = postSolution
	EndGlobalSection
EndGlobal
