<?xml version="1.0" encoding="utf-8"?>
<Project ToolsVersion="17.0" xmlns="http://schemas.microsoft.com/developer/msbuild/2003">
  <ItemGroup>
    <CustomBuild Include="C:\Users\c0011935\OneDrive - Newcastle University\MASTERS\Group Leth\PS5\CMakeFiles\85143e19543c8206f5fc2240cb6548f9\skyrender0001.png.gnf.rule">
      <Filter>CMake Rules</Filter>
    </CustomBuild>
    <CustomBuild Include="C:\Users\c0011935\OneDrive - Newcastle University\MASTERS\Group Leth\PS5\CMakeFiles\85143e19543c8206f5fc2240cb6548f9\skyrender0002.png.gnf.rule">
      <Filter>CMake Rules</Filter>
    </CustomBuild>
    <CustomBuild Include="C:\Users\c0011935\OneDrive - Newcastle University\MASTERS\Group Leth\PS5\CMakeFiles\85143e19543c8206f5fc2240cb6548f9\skyrender0003.png.gnf.rule">
      <Filter>CMake Rules</Filter>
    </CustomBuild>
    <CustomBuild Include="C:\Users\c0011935\OneDrive - Newcastle University\MASTERS\Group Leth\PS5\CMakeFiles\85143e19543c8206f5fc2240cb6548f9\skyrender0004.png.gnf.rule">
      <Filter>CMake Rules</Filter>
    </CustomBuild>
    <CustomBuild Include="C:\Users\c0011935\OneDrive - Newcastle University\MASTERS\Group Leth\PS5\CMakeFiles\85143e19543c8206f5fc2240cb6548f9\skyrender0005.png.gnf.rule">
      <Filter>CMake Rules</Filter>
    </CustomBuild>
    <CustomBuild Include="C:\Users\c0011935\OneDrive - Newcastle University\MASTERS\Group Leth\PS5\CMakeFiles\85143e19543c8206f5fc2240cb6548f9\skyrender0006.png.gnf.rule">
      <Filter>CMake Rules</Filter>
    </CustomBuild>
    <CustomBuild Include="C:\Users\c0011935\OneDrive - Newcastle University\MASTERS\Group Leth\PS5\CMakeFiles\c3d03c74374fd5b375cbb990bfea8412\PressStart2P.png.gnf.rule">
      <Filter>CMake Rules</Filter>
    </CustomBuild>
    <CustomBuild Include="C:\Users\c0011935\OneDrive - Newcastle University\MASTERS\Group Leth\PS5\CMakeFiles\c3d03c74374fd5b375cbb990bfea8412\Skybox.dds.gnf.rule">
      <Filter>CMake Rules</Filter>
    </CustomBuild>
    <CustomBuild Include="C:\Users\c0011935\OneDrive - Newcastle University\MASTERS\Group Leth\PS5\CMakeFiles\c3d03c74374fd5b375cbb990bfea8412\checkerboard.png.gnf.rule">
      <Filter>CMake Rules</Filter>
    </CustomBuild>
    <CustomBuild Include="C:\Users\c0011935\OneDrive - Newcastle University\MASTERS\Group Leth\PS5\CMakeFiles\c3d03c74374fd5b375cbb990bfea8412\doge.png.gnf.rule">
      <Filter>CMake Rules</Filter>
    </CustomBuild>
    <CustomBuild Include="C:\Users\c0011935\OneDrive - Newcastle University\MASTERS\Group Leth\PS5\CMakeFiles\8bf393c4b684e29bb33beb62e7c00596\Textures.rule">
      <Filter>CMake Rules</Filter>
    </CustomBuild>
    <CustomBuild Include="C:\Users\c0011935\OneDrive - Newcastle University\MASTERS\Group Leth\PS5\PS5Starter\CMakeLists.txt" />
  </ItemGroup>
  <ItemGroup>
    <None Include="C:\Users\c0011935\OneDrive - Newcastle University\MASTERS\Group Leth\PS5\PS5Starter\CMakeFiles\Textures" />
  </ItemGroup>
  <ItemGroup>
    <Filter Include="CMake Rules">
      <UniqueIdentifier>{95C2DE6D-86AF-3771-9ED7-8C3A7F80A222}</UniqueIdentifier>
    </Filter>
  </ItemGroup>
</Project>
